Microsoft Visual Studio Solution File, Format Version 8.00
Project("{FAE04EC0-301F-11D3-BF4B-00C04F79EFBC}") = "WinFormThreadUpdateUI", "WinFormThreadUpdateUI.csproj", "{73DC16AE-0E7D-426B-92FB-06EE48718792}"
	ProjectSection(ProjectDependencies) = postProject
	EndProjectSection
EndProject
Global
	GlobalSection(SolutionConfiguration) = preSolution
		Debug = Debug
		Release = Release
	EndGlobalSection
	GlobalSection(ProjectConfiguration) = postSolution
		{73DC16AE-0E7D-426B-92FB-06EE48718792}.Debug.ActiveCfg = Debug|.NET
		{73DC16AE-0E7D-426B-92FB-06EE48718792}.Debug.Build.0 = Debug|.NET
		{73DC16AE-0E7D-426B-92FB-06EE48718792}.Release.ActiveCfg = Release|.NET
		{73DC16AE-0E7D-426B-92FB-06EE48718792}.Release.Build.0 = Release|.NET
	EndGlobalSection
	GlobalSection(ExtensibilityGlobals) = postSolution
	EndGlobalSection
	GlobalSection(ExtensibilityAddIns) = postSolution
	EndGlobalSection
EndGlobal
