
Microsoft Visual Studio Solution File, Format Version 12.00
# Visual Studio 2013
VisualStudioVersion = 12.0.30110.0
MinimumVisualStudioVersion = 10.0.40219.1
Project("{FAE04EC0-301F-11D3-BF4B-00C04F79EFBC}") = "RestaurantMIS", "RestaurantMIS\RestaurantMIS.csproj", "{8B64EA95-FF94-4F56-97B7-5520DC6CD099}"
EndProject
Project("{FAE04EC0-301F-11D3-BF4B-00C04F79EFBC}") = "RestaurantMIS.Model", "RestaurantMIS.Model\RestaurantMIS.Model.csproj", "{1D0BC151-154D-4EE4-8A82-8201F39F5B93}"
EndProject
Project("{FAE04EC0-301F-11D3-BF4B-00C04F79EFBC}") = "RestaurantMIS.DAL", "RestaurantMIS.DAL\RestaurantMIS.DAL.csproj", "{A627EB4C-884C-42FF-95CB-5D071156BCAE}"
EndProject
Project("{FAE04EC0-301F-11D3-BF4B-00C04F79EFBC}") = "RestaurantMIS.BLL", "RestaurantMIS.BLL\RestaurantMIS.BLL.csproj", "{F0C7AAFF-EF14-47F4-B23B-49640671986C}"
EndProject
Global
	GlobalSection(SolutionConfigurationPlatforms) = preSolution
		Debug|Any CPU = Debug|Any CPU
		Release|Any CPU = Release|Any CPU
	EndGlobalSection
	GlobalSection(ProjectConfigurationPlatforms) = postSolution
		{8B64EA95-FF94-4F56-97B7-5520DC6CD099}.Debug|Any CPU.ActiveCfg = Debug|Any CPU
		{8B64EA95-FF94-4F56-97B7-5520DC6CD099}.Debug|Any CPU.Build.0 = Debug|Any CPU
		{8B64EA95-FF94-4F56-97B7-5520DC6CD099}.Release|Any CPU.ActiveCfg = Release|Any CPU
		{8B64EA95-FF94-4F56-97B7-5520DC6CD099}.Release|Any CPU.Build.0 = Release|Any CPU
		{1D0BC151-154D-4EE4-8A82-8201F39F5B93}.Debug|Any CPU.ActiveCfg = Debug|Any CPU
		{1D0BC151-154D-4EE4-8A82-8201F39F5B93}.Debug|Any CPU.Build.0 = Debug|Any CPU
		{1D0BC151-154D-4EE4-8A82-8201F39F5B93}.Release|Any CPU.ActiveCfg = Release|Any CPU
		{1D0BC151-154D-4EE4-8A82-8201F39F5B93}.Release|Any CPU.Build.0 = Release|Any CPU
		{A627EB4C-884C-42FF-95CB-5D071156BCAE}.Debug|Any CPU.ActiveCfg = Debug|Any CPU
		{A627EB4C-884C-42FF-95CB-5D071156BCAE}.Debug|Any CPU.Build.0 = Debug|Any CPU
		{A627EB4C-884C-42FF-95CB-5D071156BCAE}.Release|Any CPU.ActiveCfg = Release|Any CPU
		{A627EB4C-884C-42FF-95CB-5D071156BCAE}.Release|Any CPU.Build.0 = Release|Any CPU
		{F0C7AAFF-EF14-47F4-B23B-49640671986C}.Debug|Any CPU.ActiveCfg = Debug|Any CPU
		{F0C7AAFF-EF14-47F4-B23B-49640671986C}.Debug|Any CPU.Build.0 = Debug|Any CPU
		{F0C7AAFF-EF14-47F4-B23B-49640671986C}.Release|Any CPU.ActiveCfg = Release|Any CPU
		{F0C7AAFF-EF14-47F4-B23B-49640671986C}.Release|Any CPU.Build.0 = Release|Any CPU
	EndGlobalSection
	GlobalSection(SolutionProperties) = preSolution
		HideSolutionNode = FALSE
	EndGlobalSection
EndGlobal
