Microsoft Visual Studio Solution File, Format Version 12.00
# Visual Studio 14
VisualStudioVersion = 14.0.25420.1
MinimumVisualStudioVersion = 10.0.40219.1
Project("{FAE04EC0-301F-11D3-BF4B-00C04F79EFBC}") = "WinFormThreadUpdateUI", "WinFormThreadUpdateUI.csproj", "{73DC16AE-0E7D-426B-92FB-06EE48718792}"
EndProject
Global
	GlobalSection(SolutionConfigurationPlatforms) = preSolution
		Debug|Any CPU = Debug|Any CPU
		Release|Any CPU = Release|Any CPU
	EndGlobalSection
	GlobalSection(ProjectConfigurationPlatforms) = postSolution
		{73DC16AE-0E7D-426B-92FB-06EE48718792}.Debug|Any CPU.ActiveCfg = Debug|Any CPU
		{73DC16AE-0E7D-426B-92FB-06EE48718792}.Debug|Any CPU.Build.0 = Debug|Any CPU
		{73DC16AE-0E7D-426B-92FB-06EE48718792}.Release|Any CPU.ActiveCfg = Release|Any CPU
		{73DC16AE-0E7D-426B-92FB-06EE48718792}.Release|Any CPU.Build.0 = Release|Any CPU
	EndGlobalSection
	GlobalSection(SolutionProperties) = preSolution
		HideSolutionNode = FALSE
	EndGlobalSection
EndGlobal
