
Microsoft Visual Studio Solution File, Format Version 10.00
# Visual Studio 2008
Project("{FAE04EC0-301F-11D3-BF4B-00C04F79EFBC}") = "AnchorAndDoc", "AnchorAndDoc.csproj", "{44643107-C4A6-436A-92F4-1AFACCC34DB5}"
EndProject
Global
	GlobalSection(SolutionConfigurationPlatforms) = preSolution
		Debug|Any CPU = Debug|Any CPU
		Release|Any CPU = Release|Any CPU
	EndGlobalSection
	GlobalSection(ProjectConfigurationPlatforms) = postSolution
		{44643107-C4A6-436A-92F4-1AFACCC34DB5}.Debug|Any CPU.ActiveCfg = Debug|Any CPU
		{44643107-C4A6-436A-92F4-1AFACCC34DB5}.Debug|Any CPU.Build.0 = Debug|Any CPU
		{44643107-C4A6-436A-92F4-1AFACCC34DB5}.Release|Any CPU.ActiveCfg = Release|Any CPU
		{44643107-C4A6-436A-92F4-1AFACCC34DB5}.Release|Any CPU.Build.0 = Release|Any CPU
	EndGlobalSection
	GlobalSection(SolutionProperties) = preSolution
		HideSolutionNode = FALSE
	EndGlobalSection
EndGlobal
