Microsoft Visual Studio Solution File, Format Version 8.00
Project("{FAE04EC0-301F-11D3-BF4B-00C04F79EFBC}") = "BmpFileReader", "BmpFileReader.csproj", "{2B91477B-4345-444A-A699-2A4B89B9A518}"
	ProjectSection(ProjectDependencies) = postProject
	EndProjectSection
EndProject
Global
	GlobalSection(SolutionConfiguration) = preSolution
		Debug = Debug
		Release = Release
	EndGlobalSection
	GlobalSection(ProjectConfiguration) = postSolution
		{2B91477B-4345-444A-A699-2A4B89B9A518}.Debug.ActiveCfg = Debug|.NET
		{2B91477B-4345-444A-A699-2A4B89B9A518}.Debug.Build.0 = Debug|.NET
		{2B91477B-4345-444A-A699-2A4B89B9A518}.Release.ActiveCfg = Release|.NET
		{2B91477B-4345-444A-A699-2A4B89B9A518}.Release.Build.0 = Release|.NET
	EndGlobalSection
	GlobalSection(ExtensibilityGlobals) = postSolution
	EndGlobalSection
	GlobalSection(ExtensibilityAddIns) = postSolution
	EndGlobalSection
EndGlobal
